
Microsoft Visual Studio Solution File, Format Version 12.00
# Visual Studio 2013
Project("{FAE04EC0-301F-11D3-BF4B-00C04F79EFBC}") = "UnityVS.MeWorld112050.CSharp.Plugins", "UnityVS.MeWorld112050.CSharp.Plugins.csproj", "{14A50484-9B3B-56ED-BEAC-BCEAA6C32FC0}"
EndProject
Project("{FAE04EC0-301F-11D3-BF4B-00C04F79EFBC}") = "UnityVS.MeWorld112050.CSharp", "UnityVS.MeWorld112050.CSharp.csproj", "{45FE5D6E-ED5F-F83F-5988-AAF81E015647}"
EndProject
Project("{FAE04EC0-301F-11D3-BF4B-00C04F79EFBC}") = "UnityVS.MeWorld112050.CSharp.Editor.Plugins", "UnityVS.MeWorld112050.CSharp.Editor.Plugins.csproj", "{2FD29787-5335-176C-6A2C-38947B2340DB}"
EndProject
Project("{FAE04EC0-301F-11D3-BF4B-00C04F79EFBC}") = "UnityVS.MeWorld112050.CSharp.Editor", "UnityVS.MeWorld112050.CSharp.Editor.csproj", "{7A72C4D5-9138-439B-A18D-E8FC2F62DF58}"
EndProject
Global
	GlobalSection(SolutionConfigurationPlatforms) = preSolution
		Debug|Any CPU = Debug|Any CPU
		Release|Any CPU = Release|Any CPU
	EndGlobalSection
	GlobalSection(ProjectConfigurationPlatforms) = postSolution
		{14A50484-9B3B-56ED-BEAC-BCEAA6C32FC0}.Debug|Any CPU.ActiveCfg = Debug|Any CPU
		{14A50484-9B3B-56ED-BEAC-BCEAA6C32FC0}.Debug|Any CPU.Build.0 = Debug|Any CPU
		{14A50484-9B3B-56ED-BEAC-BCEAA6C32FC0}.Release|Any CPU.ActiveCfg = Release|Any CPU
		{14A50484-9B3B-56ED-BEAC-BCEAA6C32FC0}.Release|Any CPU.Build.0 = Release|Any CPU
		{45FE5D6E-ED5F-F83F-5988-AAF81E015647}.Debug|Any CPU.ActiveCfg = Debug|Any CPU
		{45FE5D6E-ED5F-F83F-5988-AAF81E015647}.Debug|Any CPU.Build.0 = Debug|Any CPU
		{45FE5D6E-ED5F-F83F-5988-AAF81E015647}.Release|Any CPU.ActiveCfg = Release|Any CPU
		{45FE5D6E-ED5F-F83F-5988-AAF81E015647}.Release|Any CPU.Build.0 = Release|Any CPU
		{2FD29787-5335-176C-6A2C-38947B2340DB}.Debug|Any CPU.ActiveCfg = Debug|Any CPU
		{2FD29787-5335-176C-6A2C-38947B2340DB}.Debug|Any CPU.Build.0 = Debug|Any CPU
		{2FD29787-5335-176C-6A2C-38947B2340DB}.Release|Any CPU.ActiveCfg = Release|Any CPU
		{2FD29787-5335-176C-6A2C-38947B2340DB}.Release|Any CPU.Build.0 = Release|Any CPU
		{7A72C4D5-9138-439B-A18D-E8FC2F62DF58}.Debug|Any CPU.ActiveCfg = Debug|Any CPU
		{7A72C4D5-9138-439B-A18D-E8FC2F62DF58}.Debug|Any CPU.Build.0 = Debug|Any CPU
		{7A72C4D5-9138-439B-A18D-E8FC2F62DF58}.Release|Any CPU.ActiveCfg = Release|Any CPU
		{7A72C4D5-9138-439B-A18D-E8FC2F62DF58}.Release|Any CPU.Build.0 = Release|Any CPU
	EndGlobalSection
	GlobalSection(SolutionProperties) = preSolution
		HideSolutionNode = FALSE
	EndGlobalSection
EndGlobal
